// !$*UTF8*$!
{
	archiveVersion = 1;
	classes = {
	};
	objectVersion = 51;
	objects = {

/* Begin PBXBuildFile section */
		2F817653887F7A66EF048DF6 /* Pods_Carruagem.framework in Frameworks */ = {isa = PBXBuildFile; fileRef = 88C957F4000039E2C29E6E87 /* Pods_Carruagem.framework */; };
		75B355AD24E42429008C3D14 /* AppDelegate.swift in Sources */ = {isa = PBXBuildFile; fileRef = 75B355AC24E42429008C3D14 /* AppDelegate.swift */; };
		75B355AF24E42429008C3D14 /* SceneDelegate.swift in Sources */ = {isa = PBXBuildFile; fileRef = 75B355AE24E42429008C3D14 /* SceneDelegate.swift */; };
		75B355B124E42429008C3D14 /* GarageViewController.swift in Sources */ = {isa = PBXBuildFile; fileRef = 75B355B024E42429008C3D14 /* GarageViewController.swift */; };
		75B355B424E42429008C3D14 /* Main.storyboard in Resources */ = {isa = PBXBuildFile; fileRef = 75B355B224E42429008C3D14 /* Main.storyboard */; };
		75B355B624E4242A008C3D14 /* Assets.xcassets in Resources */ = {isa = PBXBuildFile; fileRef = 75B355B524E4242A008C3D14 /* Assets.xcassets */; };
		75B355B924E4242A008C3D14 /* LaunchScreen.storyboard in Resources */ = {isa = PBXBuildFile; fileRef = 75B355B724E4242A008C3D14 /* LaunchScreen.storyboard */; };
		75B355CC24E42877008C3D14 /* CarValue.swift in Sources */ = {isa = PBXBuildFile; fileRef = 75B355CB24E42877008C3D14 /* CarValue.swift */; };
		75B355CE24E42893008C3D14 /* CarYear.swift in Sources */ = {isa = PBXBuildFile; fileRef = 75B355CD24E42893008C3D14 /* CarYear.swift */; };
		75B355D024E428BE008C3D14 /* CarTemplate.swift in Sources */ = {isa = PBXBuildFile; fileRef = 75B355CF24E428BE008C3D14 /* CarTemplate.swift */; };
		75B355D224E428DA008C3D14 /* CarBrand.swift in Sources */ = {isa = PBXBuildFile; fileRef = 75B355D124E428DA008C3D14 /* CarBrand.swift */; };
		75B355D424E42901008C3D14 /* CarService.swift in Sources */ = {isa = PBXBuildFile; fileRef = 75B355D324E42901008C3D14 /* CarService.swift */; };
		75F0C49324E42C7100B8EED8 /* TemplateTableViewController.swift in Sources */ = {isa = PBXBuildFile; fileRef = 75F0C49224E42C7100B8EED8 /* TemplateTableViewController.swift */; };
		75F0C49524E42CA100B8EED8 /* YearTableViewController.swift in Sources */ = {isa = PBXBuildFile; fileRef = 75F0C49424E42CA100B8EED8 /* YearTableViewController.swift */; };
		75F0C49724E42CBE00B8EED8 /* ValueTableViewController.swift in Sources */ = {isa = PBXBuildFile; fileRef = 75F0C49624E42CBE00B8EED8 /* ValueTableViewController.swift */; };
/* End PBXBuildFile section */

/* Begin PBXFileReference section */
		23CEC3B323C6F2392D0BED5D /* Pods-Carruagem.release.xcconfig */ = {isa = PBXFileReference; includeInIndex = 1; lastKnownFileType = text.xcconfig; name = "Pods-Carruagem.release.xcconfig"; path = "Target Support Files/Pods-Carruagem/Pods-Carruagem.release.xcconfig"; sourceTree = "<group>"; };
		3F02F025E584FA67C2BC2BF0 /* Pods-Carruagem.debug.xcconfig */ = {isa = PBXFileReference; includeInIndex = 1; lastKnownFileType = text.xcconfig; name = "Pods-Carruagem.debug.xcconfig"; path = "Target Support Files/Pods-Carruagem/Pods-Carruagem.debug.xcconfig"; sourceTree = "<group>"; };
		75B355A924E42429008C3D14 /* Carruagem.app */ = {isa = PBXFileReference; explicitFileType = wrapper.application; includeInIndex = 0; path = Carruagem.app; sourceTree = BUILT_PRODUCTS_DIR; };
		75B355AC24E42429008C3D14 /* AppDelegate.swift */ = {isa = PBXFileReference; lastKnownFileType = sourcecode.swift; path = AppDelegate.swift; sourceTree = "<group>"; };
		75B355AE24E42429008C3D14 /* SceneDelegate.swift */ = {isa = PBXFileReference; lastKnownFileType = sourcecode.swift; path = SceneDelegate.swift; sourceTree = "<group>"; };
		75B355B024E42429008C3D14 /* GarageViewController.swift */ = {isa = PBXFileReference; lastKnownFileType = sourcecode.swift; path = GarageViewController.swift; sourceTree = "<group>"; };
		75B355B324E42429008C3D14 /* Base */ = {isa = PBXFileReference; lastKnownFileType = file.storyboard; name = Base; path = Base.lproj/Main.storyboard; sourceTree = "<group>"; };
		75B355B524E4242A008C3D14 /* Assets.xcassets */ = {isa = PBXFileReference; lastKnownFileType = folder.assetcatalog; path = Assets.xcassets; sourceTree = "<group>"; };
		75B355B824E4242A008C3D14 /* Base */ = {isa = PBXFileReference; lastKnownFileType = file.storyboard; name = Base; path = Base.lproj/LaunchScreen.storyboard; sourceTree = "<group>"; };
		75B355BA24E4242A008C3D14 /* Info.plist */ = {isa = PBXFileReference; lastKnownFileType = text.plist.xml; path = Info.plist; sourceTree = "<group>"; };
		75B355CB24E42877008C3D14 /* CarValue.swift */ = {isa = PBXFileReference; lastKnownFileType = sourcecode.swift; path = CarValue.swift; sourceTree = "<group>"; };
		75B355CD24E42893008C3D14 /* CarYear.swift */ = {isa = PBXFileReference; lastKnownFileType = sourcecode.swift; path = CarYear.swift; sourceTree = "<group>"; };
		75B355CF24E428BE008C3D14 /* CarTemplate.swift */ = {isa = PBXFileReference; lastKnownFileType = sourcecode.swift; path = CarTemplate.swift; sourceTree = "<group>"; };
		75B355D124E428DA008C3D14 /* CarBrand.swift */ = {isa = PBXFileReference; lastKnownFileType = sourcecode.swift; path = CarBrand.swift; sourceTree = "<group>"; };
		75B355D324E42901008C3D14 /* CarService.swift */ = {isa = PBXFileReference; lastKnownFileType = sourcecode.swift; path = CarService.swift; sourceTree = "<group>"; };
		75F0C49224E42C7100B8EED8 /* TemplateTableViewController.swift */ = {isa = PBXFileReference; lastKnownFileType = sourcecode.swift; path = TemplateTableViewController.swift; sourceTree = "<group>"; };
		75F0C49424E42CA100B8EED8 /* YearTableViewController.swift */ = {isa = PBXFileReference; lastKnownFileType = sourcecode.swift; path = YearTableViewController.swift; sourceTree = "<group>"; };
		75F0C49624E42CBE00B8EED8 /* ValueTableViewController.swift */ = {isa = PBXFileReference; lastKnownFileType = sourcecode.swift; path = ValueTableViewController.swift; sourceTree = "<group>"; };
		88C957F4000039E2C29E6E87 /* Pods_Carruagem.framework */ = {isa = PBXFileReference; explicitFileType = wrapper.framework; includeInIndex = 0; path = Pods_Carruagem.framework; sourceTree = BUILT_PRODUCTS_DIR; };
/* End PBXFileReference section */

/* Begin PBXFrameworksBuildPhase section */
		75B355A624E42429008C3D14 /* Frameworks */ = {
			isa = PBXFrameworksBuildPhase;
			buildActionMask = 2147483647;
			files = (
				2F817653887F7A66EF048DF6 /* Pods_Carruagem.framework in Frameworks */,
			);
			runOnlyForDeploymentPostprocessing = 0;
		};
/* End PBXFrameworksBuildPhase section */

/* Begin PBXGroup section */
		6131696C499C8E79AC4090DA /* Frameworks */ = {
			isa = PBXGroup;
			children = (
				88C957F4000039E2C29E6E87 /* Pods_Carruagem.framework */,
			);
			name = Frameworks;
			sourceTree = "<group>";
		};
		75B355A024E42429008C3D14 = {
			isa = PBXGroup;
			children = (
				75B355AB24E42429008C3D14 /* Carruagem */,
				75B355AA24E42429008C3D14 /* Products */,
				A4CF76C003A2D1BDF1BA8D68 /* Pods */,
				6131696C499C8E79AC4090DA /* Frameworks */,
			);
			sourceTree = "<group>";
		};
		75B355AA24E42429008C3D14 /* Products */ = {
			isa = PBXGroup;
			children = (
				75B355A924E42429008C3D14 /* Carruagem.app */,
			);
			name = Products;
			sourceTree = "<group>";
		};
		75B355AB24E42429008C3D14 /* Carruagem */ = {
			isa = PBXGroup;
			children = (
				75B355C024E42468008C3D14 /* AppStart */,
				75B355C124E4249B008C3D14 /* Assets */,
				75B355C524E42765008C3D14 /* Home */,
				75B355C324E4274A008C3D14 /* Model */,
				75B355C424E42751008C3D14 /* Service */,
				75B355BA24E4242A008C3D14 /* Info.plist */,
			);
			path = Carruagem;
			sourceTree = "<group>";
		};
		75B355C024E42468008C3D14 /* AppStart */ = {
			isa = PBXGroup;
			children = (
				75B355AC24E42429008C3D14 /* AppDelegate.swift */,
				75B355AE24E42429008C3D14 /* SceneDelegate.swift */,
				75B355B724E4242A008C3D14 /* LaunchScreen.storyboard */,
			);
			name = AppStart;
			sourceTree = "<group>";
		};
		75B355C124E4249B008C3D14 /* Assets */ = {
			isa = PBXGroup;
			children = (
				75B355B524E4242A008C3D14 /* Assets.xcassets */,
			);
			name = Assets;
			sourceTree = "<group>";
		};
		75B355C324E4274A008C3D14 /* Model */ = {
			isa = PBXGroup;
			children = (
				75B355D124E428DA008C3D14 /* CarBrand.swift */,
				75B355CF24E428BE008C3D14 /* CarTemplate.swift */,
				75B355CD24E42893008C3D14 /* CarYear.swift */,
				75B355CB24E42877008C3D14 /* CarValue.swift */,
			);
			name = Model;
			sourceTree = "<group>";
		};
		75B355C424E42751008C3D14 /* Service */ = {
			isa = PBXGroup;
			children = (
				75B355D324E42901008C3D14 /* CarService.swift */,
			);
			name = Service;
			sourceTree = "<group>";
		};
		75B355C524E42765008C3D14 /* Home */ = {
			isa = PBXGroup;
			children = (
				75B355C724E427F7008C3D14 /* View */,
				75B355C624E4276A008C3D14 /* Presenter */,
			);
			name = Home;
			sourceTree = "<group>";
		};
		75B355C624E4276A008C3D14 /* Presenter */ = {
			isa = PBXGroup;
			children = (
			);
			name = Presenter;
			sourceTree = "<group>";
		};
		75B355C724E427F7008C3D14 /* View */ = {
			isa = PBXGroup;
			children = (
				75B355CA24E4281D008C3D14 /* Cell */,
				75B355C824E4280C008C3D14 /* ViewController */,
			);
			name = View;
			sourceTree = "<group>";
		};
		75B355C824E4280C008C3D14 /* ViewController */ = {
			isa = PBXGroup;
			children = (
				75B355B024E42429008C3D14 /* GarageViewController.swift */,
				75F0C49224E42C7100B8EED8 /* TemplateTableViewController.swift */,
				75F0C49424E42CA100B8EED8 /* YearTableViewController.swift */,
				75F0C49624E42CBE00B8EED8 /* ValueTableViewController.swift */,
				75B355B224E42429008C3D14 /* Main.storyboard */,
			);
			name = ViewController;
			sourceTree = "<group>";
		};
		75B355CA24E4281D008C3D14 /* Cell */ = {
			isa = PBXGroup;
			children = (
			);
			name = Cell;
			sourceTree = "<group>";
		};
		A4CF76C003A2D1BDF1BA8D68 /* Pods */ = {
			isa = PBXGroup;
			children = (
				3F02F025E584FA67C2BC2BF0 /* Pods-Carruagem.debug.xcconfig */,
				23CEC3B323C6F2392D0BED5D /* Pods-Carruagem.release.xcconfig */,
			);
			path = Pods;
			sourceTree = "<group>";
		};
/* End PBXGroup section */

/* Begin PBXNativeTarget section */
		75B355A824E42429008C3D14 /* Carruagem */ = {
			isa = PBXNativeTarget;
			buildConfigurationList = 75B355BD24E4242A008C3D14 /* Build configuration list for PBXNativeTarget "Carruagem" */;
			buildPhases = (
				8408D3BF618D42BDC5A87329 /* [CP] Check Pods Manifest.lock */,
				75B355A524E42429008C3D14 /* Sources */,
				75B355A624E42429008C3D14 /* Frameworks */,
				75B355A724E42429008C3D14 /* Resources */,
				B2E20FD1BFD312315FB9130E /* [CP] Embed Pods Frameworks */,
			);
			buildRules = (
			);
			dependencies = (
			);
			name = Carruagem;
			productName = Carruagem;
			productReference = 75B355A924E42429008C3D14 /* Carruagem.app */;
			productType = "com.apple.product-type.application";
		};
/* End PBXNativeTarget section */

/* Begin PBXProject section */
		75B355A124E42429008C3D14 /* Project object */ = {
			isa = PBXProject;
			attributes = {
				LastSwiftUpdateCheck = 1130;
				LastUpgradeCheck = 1130;
				ORGANIZATIONNAME = "Rafael Nunes";
				TargetAttributes = {
					75B355A824E42429008C3D14 = {
						CreatedOnToolsVersion = 11.3.1;
					};
				};
			};
			buildConfigurationList = 75B355A424E42429008C3D14 /* Build configuration list for PBXProject "Carruagem" */;
			compatibilityVersion = "Xcode 9.3";
			developmentRegion = en;
			hasScannedForEncodings = 0;
			knownRegions = (
				en,
				Base,
			);
			mainGroup = 75B355A024E42429008C3D14;
			productRefGroup = 75B355AA24E42429008C3D14 /* Products */;
			projectDirPath = "";
			projectRoot = "";
			targets = (
				75B355A824E42429008C3D14 /* Carruagem */,
			);
		};
/* End PBXProject section */

/* Begin PBXResourcesBuildPhase section */
		75B355A724E42429008C3D14 /* Resources */ = {
			isa = PBXResourcesBuildPhase;
			buildActionMask = 2147483647;
			files = (
				75B355B924E4242A008C3D14 /* LaunchScreen.storyboard in Resources */,
				75B355B624E4242A008C3D14 /* Assets.xcassets in Resources */,
				75B355B424E42429008C3D14 /* Main.storyboard in Resources */,
			);
			runOnlyForDeploymentPostprocessing = 0;
		};
/* End PBXResourcesBuildPhase section */

/* Begin PBXShellScriptBuildPhase section */
		8408D3BF618D42BDC5A87329 /* [CP] Check Pods Manifest.lock */ = {
			isa = PBXShellScriptBuildPhase;
			buildActionMask = 2147483647;
			files = (
			);
			inputFileListPaths = (
			);
			inputPaths = (
				"${PODS_PODFILE_DIR_PATH}/Podfile.lock",
				"${PODS_ROOT}/Manifest.lock",
			);
			name = "[CP] Check Pods Manifest.lock";
			outputFileListPaths = (
			);
			outputPaths = (
				"$(DERIVED_FILE_DIR)/Pods-Carruagem-checkManifestLockResult.txt",
			);
			runOnlyForDeploymentPostprocessing = 0;
			shellPath = /bin/sh;
			shellScript = "diff \"${PODS_PODFILE_DIR_PATH}/Podfile.lock\" \"${PODS_ROOT}/Manifest.lock\" > /dev/null\nif [ $? != 0 ] ; then\n    # print error to STDERR\n    echo \"error: The sandbox is not in sync with the Podfile.lock. Run 'pod install' or update your CocoaPods installation.\" >&2\n    exit 1\nfi\n# This output is used by Xcode 'outputs' to avoid re-running this script phase.\necho \"SUCCESS\" > \"${SCRIPT_OUTPUT_FILE_0}\"\n";
			showEnvVarsInLog = 0;
		};
		B2E20FD1BFD312315FB9130E /* [CP] Embed Pods Frameworks */ = {
			isa = PBXShellScriptBuildPhase;
			buildActionMask = 2147483647;
			files = (
			);
			inputFileListPaths = (
				"${PODS_ROOT}/Target Support Files/Pods-Carruagem/Pods-Carruagem-frameworks-${CONFIGURATION}-input-files.xcfilelist",
			);
			name = "[CP] Embed Pods Frameworks";
			outputFileListPaths = (
				"${PODS_ROOT}/Target Support Files/Pods-Carruagem/Pods-Carruagem-frameworks-${CONFIGURATION}-output-files.xcfilelist",
			);
			runOnlyForDeploymentPostprocessing = 0;
			shellPath = /bin/sh;
			shellScript = "\"${PODS_ROOT}/Target Support Files/Pods-Carruagem/Pods-Carruagem-frameworks.sh\"\n";
			showEnvVarsInLog = 0;
		};
/* End PBXShellScriptBuildPhase section */

/* Begin PBXSourcesBuildPhase section */
		75B355A524E42429008C3D14 /* Sources */ = {
			isa = PBXSourcesBuildPhase;
			buildActionMask = 2147483647;
			files = (
				75B355D224E428DA008C3D14 /* CarBrand.swift in Sources */,
				75B355CC24E42877008C3D14 /* CarValue.swift in Sources */,
				75B355D424E42901008C3D14 /* CarService.swift in Sources */,
				75B355CE24E42893008C3D14 /* CarYear.swift in Sources */,
				75F0C49324E42C7100B8EED8 /* TemplateTableViewController.swift in Sources */,
				75B355D024E428BE008C3D14 /* CarTemplate.swift in Sources */,
				75B355B124E42429008C3D14 /* GarageViewController.swift in Sources */,
				75B355AD24E42429008C3D14 /* AppDelegate.swift in Sources */,
				75F0C49524E42CA100B8EED8 /* YearTableViewController.swift in Sources */,
				75F0C49724E42CBE00B8EED8 /* ValueTableViewController.swift in Sources */,
				75B355AF24E42429008C3D14 /* SceneDelegate.swift in Sources */,
			);
			runOnlyForDeploymentPostprocessing = 0;
		};
/* End PBXSourcesBuildPhase section */

/* Begin PBXVariantGroup section */
		75B355B224E42429008C3D14 /* Main.storyboard */ = {
			isa = PBXVariantGroup;
			children = (
				75B355B324E42429008C3D14 /* Base */,
			);
			name = Main.storyboard;
			sourceTree = "<group>";
		};
		75B355B724E4242A008C3D14 /* LaunchScreen.storyboard */ = {
			isa = PBXVariantGroup;
			children = (
				75B355B824E4242A008C3D14 /* Base */,
			);
			name = LaunchScreen.storyboard;
			sourceTree = "<group>";
		};
/* End PBXVariantGroup section */

/* Begin XCBuildConfiguration section */
		75B355BB24E4242A008C3D14 /* Debug */ = {
			isa = XCBuildConfiguration;
			buildSettings = {
				ALWAYS_SEARCH_USER_PATHS = NO;
				CLANG_ANALYZER_NONNULL = YES;
				CLANG_ANALYZER_NUMBER_OBJECT_CONVERSION = YES_AGGRESSIVE;
				CLANG_CXX_LANGUAGE_STANDARD = "gnu++14";
				CLANG_CXX_LIBRARY = "libc++";
				CLANG_ENABLE_MODULES = YES;
				CLANG_ENABLE_OBJC_ARC = YES;
				CLANG_ENABLE_OBJC_WEAK = YES;
				CLANG_WARN_BLOCK_CAPTURE_AUTORELEASING = YES;
				CLANG_WARN_BOOL_CONVERSION = YES;
				CLANG_WARN_COMMA = YES;
				CLANG_WARN_CONSTANT_CONVERSION = YES;
				CLANG_WARN_DEPRECATED_OBJC_IMPLEMENTATIONS = YES;
				CLANG_WARN_DIRECT_OBJC_ISA_USAGE = YES_ERROR;
				CLANG_WARN_DOCUMENTATION_COMMENTS = YES;
				CLANG_WARN_EMPTY_BODY = YES;
				CLANG_WARN_ENUM_CONVERSION = YES;
				CLANG_WARN_INFINITE_RECURSION = YES;
				CLANG_WARN_INT_CONVERSION = YES;
				CLANG_WARN_NON_LITERAL_NULL_CONVERSION = YES;
				CLANG_WARN_OBJC_IMPLICIT_RETAIN_SELF = YES;
				CLANG_WARN_OBJC_LITERAL_CONVERSION = YES;
				CLANG_WARN_OBJC_ROOT_CLASS = YES_ERROR;
				CLANG_WARN_RANGE_LOOP_ANALYSIS = YES;
				CLANG_WARN_STRICT_PROTOTYPES = YES;
				CLANG_WARN_SUSPICIOUS_MOVE = YES;
				CLANG_WARN_UNGUARDED_AVAILABILITY = YES_AGGRESSIVE;
				CLANG_WARN_UNREACHABLE_CODE = YES;
				CLANG_WARN__DUPLICATE_METHOD_MATCH = YES;
				COPY_PHASE_STRIP = NO;
				DEBUG_INFORMATION_FORMAT = dwarf;
				ENABLE_STRICT_OBJC_MSGSEND = YES;
				ENABLE_TESTABILITY = YES;
				GCC_C_LANGUAGE_STANDARD = gnu11;
				GCC_DYNAMIC_NO_PIC = NO;
				GCC_NO_COMMON_BLOCKS = YES;
				GCC_OPTIMIZATION_LEVEL = 0;
				GCC_PREPROCESSOR_DEFINITIONS = (
					"DEBUG=1",
					"$(inherited)",
				);
				GCC_WARN_64_TO_32_BIT_CONVERSION = YES;
				GCC_WARN_ABOUT_RETURN_TYPE = YES_ERROR;
				GCC_WARN_UNDECLARED_SELECTOR = YES;
				GCC_WARN_UNINITIALIZED_AUTOS = YES_AGGRESSIVE;
				GCC_WARN_UNUSED_FUNCTION = YES;
				GCC_WARN_UNUSED_VARIABLE = YES;
				IPHONEOS_DEPLOYMENT_TARGET = 13.2;
				MTL_ENABLE_DEBUG_INFO = INCLUDE_SOURCE;
				MTL_FAST_MATH = YES;
				ONLY_ACTIVE_ARCH = YES;
				SDKROOT = iphoneos;
				SWIFT_ACTIVE_COMPILATION_CONDITIONS = DEBUG;
				SWIFT_OPTIMIZATION_LEVEL = "-Onone";
			};
			name = Debug;
		};
		75B355BC24E4242A008C3D14 /* Release */ = {
			isa = XCBuildConfiguration;
			buildSettings = {
				ALWAYS_SEARCH_USER_PATHS = NO;
				CLANG_ANALYZER_NONNULL = YES;
				CLANG_ANALYZER_NUMBER_OBJECT_CONVERSION = YES_AGGRESSIVE;
				CLANG_CXX_LANGUAGE_STANDARD = "gnu++14";
				CLANG_CXX_LIBRARY = "libc++";
				CLANG_ENABLE_MODULES = YES;
				CLANG_ENABLE_OBJC_ARC = YES;
				CLANG_ENABLE_OBJC_WEAK = YES;
				CLANG_WARN_BLOCK_CAPTURE_AUTORELEASING = YES;
				CLANG_WARN_BOOL_CONVERSION = YES;
				CLANG_WARN_COMMA = YES;
				CLANG_WARN_CONSTANT_CONVERSION = YES;
				CLANG_WARN_DEPRECATED_OBJC_IMPLEMENTATIONS = YES;
				CLANG_WARN_DIRECT_OBJC_ISA_USAGE = YES_ERROR;
				CLANG_WARN_DOCUMENTATION_COMMENTS = YES;
				CLANG_WARN_EMPTY_BODY = YES;
				CLANG_WARN_ENUM_CONVERSION = YES;
				CLANG_WARN_INFINITE_RECURSION = YES;
				CLANG_WARN_INT_CONVERSION = YES;
				CLANG_WARN_NON_LITERAL_NULL_CONVERSION = YES;
				CLANG_WARN_OBJC_IMPLICIT_RETAIN_SELF = YES;
				CLANG_WARN_OBJC_LITERAL_CONVERSION = YES;
				CLANG_WARN_OBJC_ROOT_CLASS = YES_ERROR;
				CLANG_WARN_RANGE_LOOP_ANALYSIS = YES;
				CLANG_WARN_STRICT_PROTOTYPES = YES;
				CLANG_WARN_SUSPICIOUS_MOVE = YES;
				CLANG_WARN_UNGUARDED_AVAILABILITY = YES_AGGRESSIVE;
				CLANG_WARN_UNREACHABLE_CODE = YES;
				CLANG_WARN__DUPLICATE_METHOD_MATCH = YES;
				COPY_PHASE_STRIP = NO;
				DEBUG_INFORMATION_FORMAT = "dwarf-with-dsym";
				ENABLE_NS_ASSERTIONS = NO;
				ENABLE_STRICT_OBJC_MSGSEND = YES;
				GCC_C_LANGUAGE_STANDARD = gnu11;
				GCC_NO_COMMON_BLOCKS = YES;
				GCC_WARN_64_TO_32_BIT_CONVERSION = YES;
				GCC_WARN_ABOUT_RETURN_TYPE = YES_ERROR;
				GCC_WARN_UNDECLARED_SELECTOR = YES;
				GCC_WARN_UNINITIALIZED_AUTOS = YES_AGGRESSIVE;
				GCC_WARN_UNUSED_FUNCTION = YES;
				GCC_WARN_UNUSED_VARIABLE = YES;
				IPHONEOS_DEPLOYMENT_TARGET = 13.2;
				MTL_ENABLE_DEBUG_INFO = NO;
				MTL_FAST_MATH = YES;
				SDKROOT = iphoneos;
				SWIFT_COMPILATION_MODE = wholemodule;
				SWIFT_OPTIMIZATION_LEVEL = "-O";
				VALIDATE_PRODUCT = YES;
			};
			name = Release;
		};
		75B355BE24E4242A008C3D14 /* Debug */ = {
			isa = XCBuildConfiguration;
			baseConfigurationReference = 3F02F025E584FA67C2BC2BF0 /* Pods-Carruagem.debug.xcconfig */;
			buildSettings = {
				ASSETCATALOG_COMPILER_APPICON_NAME = AppIcon;
				CODE_SIGN_STYLE = Automatic;
				INFOPLIST_FILE = Carruagem/Info.plist;
				LD_RUNPATH_SEARCH_PATHS = (
					"$(inherited)",
					"@executable_path/Frameworks",
				);
				PRODUCT_BUNDLE_IDENTIFIER = com.rafaelnunes.Carruagem;
				PRODUCT_NAME = "$(TARGET_NAME)";
				SWIFT_VERSION = 5.0;
				TARGETED_DEVICE_FAMILY = "1,2";
			};
			name = Debug;
		};
		75B355BF24E4242A008C3D14 /* Release */ = {
			isa = XCBuildConfiguration;
			baseConfigurationReference = 23CEC3B323C6F2392D0BED5D /* Pods-Carruagem.release.xcconfig */;
			buildSettings = {
				ASSETCATALOG_COMPILER_APPICON_NAME = AppIcon;
				CODE_SIGN_STYLE = Automatic;
				INFOPLIST_FILE = Carruagem/Info.plist;
				LD_RUNPATH_SEARCH_PATHS = (
					"$(inherited)",
					"@executable_path/Frameworks",
				);
				PRODUCT_BUNDLE_IDENTIFIER = com.rafaelnunes.Carruagem;
				PRODUCT_NAME = "$(TARGET_NAME)";
				SWIFT_VERSION = 5.0;
				TARGETED_DEVICE_FAMILY = "1,2";
			};
			name = Release;
		};
/* End XCBuildConfiguration section */

/* Begin XCConfigurationList section */
		75B355A424E42429008C3D14 /* Build configuration list for PBXProject "Carruagem" */ = {
			isa = XCConfigurationList;
			buildConfigurations = (
				75B355BB24E4242A008C3D14 /* Debug */,
				75B355BC24E4242A008C3D14 /* Release */,
			);
			defaultConfigurationIsVisible = 0;
			defaultConfigurationName = Release;
		};
		75B355BD24E4242A008C3D14 /* Build configuration list for PBXNativeTarget "Carruagem" */ = {
			isa = XCConfigurationList;
			buildConfigurations = (
				75B355BE24E4242A008C3D14 /* Debug */,
				75B355BF24E4242A008C3D14 /* Release */,
			);
			defaultConfigurationIsVisible = 0;
			defaultConfigurationName = Release;
		};
/* End XCConfigurationList section */
	};
	rootObject = 75B355A124E42429008C3D14 /* Project object */;
}
